
Microsoft Visual Studio Solution File, Format Version 12.00
Project("{FAE04EC0-301F-11D3-BF4B-00C04F79EFBC}") = "InertiaDemo.Frontend", "InertiaDemo.Frontend\InertiaDemo.Frontend.csproj", "{A9B659D8-033F-4195-83F3-76EBD8347B37}"
EndProject
Project("{FAE04EC0-301F-11D3-BF4B-00C04F79EFBC}") = "InertiaDemo.Backend", "InertiaDemo.Backend\InertiaDemo.Backend.csproj", "{A9961380-5720-4025-BF79-9597580E95E4}"
EndProject
Global
	GlobalSection(SolutionConfigurationPlatforms) = preSolution
		Debug|Any CPU = Debug|Any CPU
		Release|Any CPU = Release|Any CPU
	EndGlobalSection
	GlobalSection(ProjectConfigurationPlatforms) = postSolution
		{A9B659D8-033F-4195-83F3-76EBD8347B37}.Debug|Any CPU.ActiveCfg = Debug|Any CPU
		{A9B659D8-033F-4195-83F3-76EBD8347B37}.Debug|Any CPU.Build.0 = Debug|Any CPU
		{A9B659D8-033F-4195-83F3-76EBD8347B37}.Release|Any CPU.ActiveCfg = Release|Any CPU
		{A9B659D8-033F-4195-83F3-76EBD8347B37}.Release|Any CPU.Build.0 = Release|Any CPU
		{A9961380-5720-4025-BF79-9597580E95E4}.Debug|Any CPU.ActiveCfg = Debug|Any CPU
		{A9961380-5720-4025-BF79-9597580E95E4}.Debug|Any CPU.Build.0 = Debug|Any CPU
		{A9961380-5720-4025-BF79-9597580E95E4}.Release|Any CPU.ActiveCfg = Release|Any CPU
		{A9961380-5720-4025-BF79-9597580E95E4}.Release|Any CPU.Build.0 = Release|Any CPU
	EndGlobalSection
EndGlobal
